
Microsoft Visual Studio Solution File, Format Version 12.00
# Visual Studio Version 16
VisualStudioVersion = 16.0.31019.35
MinimumVisualStudioVersion = 10.0.40219.1
Project("{FAE04EC0-301F-11D3-BF4B-00C04F79EFBC}") = "TabControlDataGridViewForm11", "TabControlDataGridViewForm11\TabControlDataGridViewForm11.csproj", "{30AA05CD-4E87-4A28-B99A-4130E9847B47}"
EndProject
Global
	GlobalSection(SolutionConfigurationPlatforms) = preSolution
		Debug|Any CPU = Debug|Any CPU
		Release|Any CPU = Release|Any CPU
	EndGlobalSection
	GlobalSection(ProjectConfigurationPlatforms) = postSolution
		{30AA05CD-4E87-4A28-B99A-4130E9847B47}.Debug|Any CPU.ActiveCfg = Debug|Any CPU
		{30AA05CD-4E87-4A28-B99A-4130E9847B47}.Debug|Any CPU.Build.0 = Debug|Any CPU
		{30AA05CD-4E87-4A28-B99A-4130E9847B47}.Release|Any CPU.ActiveCfg = Release|Any CPU
		{30AA05CD-4E87-4A28-B99A-4130E9847B47}.Release|Any CPU.Build.0 = Release|Any CPU
	EndGlobalSection
	GlobalSection(SolutionProperties) = preSolution
		HideSolutionNode = FALSE
	EndGlobalSection
	GlobalSection(ExtensibilityGlobals) = postSolution
		SolutionGuid = {C0652AA0-3809-41B7-B6D8-0505F37E8883}
	EndGlobalSection
EndGlobal
